
Microsoft Visual Studio Solution File, Format Version 12.00
# Visual Studio 15
Project("{FAE04EC0-301F-11D3-BF4B-00C04F79EFBC}") = "QuizletAnswerFinder", "QuizletAnswerFinder\QuizletAnswerFinder.csproj", "{53747EF9-2687-400B-A6BE-571D5AE30414}"
EndProject
Global
	GlobalSection(SolutionConfigurationPlatforms) = preSolution
		Debug|Any CPU = Debug|Any CPU
		Release|Any CPU = Release|Any CPU
	EndGlobalSection
	GlobalSection(ProjectConfigurationPlatforms) = postSolution
		{53747EF9-2687-400B-A6BE-571D5AE30414}.Debug|Any CPU.ActiveCfg = Debug|Any CPU
		{53747EF9-2687-400B-A6BE-571D5AE30414}.Debug|Any CPU.Build.0 = Debug|Any CPU
		{53747EF9-2687-400B-A6BE-571D5AE30414}.Release|Any CPU.ActiveCfg = Release|Any CPU
		{53747EF9-2687-400B-A6BE-571D5AE30414}.Release|Any CPU.Build.0 = Release|Any CPU
	EndGlobalSection
EndGlobal
